
Microsoft Visual Studio Solution File, Format Version 12.00
# Visual Studio Version 16
VisualStudioVersion = 16.0.28729.10
MinimumVisualStudioVersion = 10.0.40219.1
Project("{FAE04EC0-301F-11D3-BF4B-00C04F79EFBC}") = "Google Authenticator Backup Tool", "Google Authenticator Backup Tool\Google Authenticator Backup Tool.csproj", "{A87AE739-6EA3-48E7-A990-B666E372E78F}"
EndProject
Global
	GlobalSection(SolutionConfigurationPlatforms) = preSolution
		Debug|Any CPU = Debug|Any CPU
		Release|Any CPU = Release|Any CPU
	EndGlobalSection
	GlobalSection(ProjectConfigurationPlatforms) = postSolution
		{A87AE739-6EA3-48E7-A990-B666E372E78F}.Debug|Any CPU.ActiveCfg = Debug|Any CPU
		{A87AE739-6EA3-48E7-A990-B666E372E78F}.Debug|Any CPU.Build.0 = Debug|Any CPU
		{A87AE739-6EA3-48E7-A990-B666E372E78F}.Release|Any CPU.ActiveCfg = Release|Any CPU
		{A87AE739-6EA3-48E7-A990-B666E372E78F}.Release|Any CPU.Build.0 = Release|Any CPU
	EndGlobalSection
	GlobalSection(SolutionProperties) = preSolution
		HideSolutionNode = FALSE
	EndGlobalSection
	GlobalSection(ExtensibilityGlobals) = postSolution
		SolutionGuid = {9B34D881-E589-4EAD-B502-5D3456FB0E23}
	EndGlobalSection
EndGlobal
